# This file is autogenerated, do not edit; changes may be undone by the next 'dep ensure'.


[[projects]]
  branch = "master"
  name = "github.com/PuerkitoBio/goquery"
  packages = ["."]
  revision = "09540e565986583836b5fc792fe951ec5fd201dd"

[[projects]]
  branch = "master"
  name = "github.com/Sirupsen/logrus"
  packages = ["."]
  revision = "d682213848ed68c0a260ca37d6dd5ace8423f5ba"

[[projects]]
  branch = "master"
  name = "github.com/andybalholm/cascadia"
  packages = ["."]
  revision = "349dd0209470eabd9514242c688c403c0926d266"

[[projects]]
  branch = "master"
  name = "github.com/bwmarrin/discordgo"
  packages = ["."]
  revision = "4a33b9bc7c56cfdb9bb244e33e83cb3941fe2bdc"

[[projects]]
  branch = "master"
  name = "github.com/gorilla/websocket"
  packages = ["."]
  revision = "91f589db023d66e4aba7112d44cc0d2fb091c553"

[[projects]]
  branch = "master"
  name = "github.com/jonas747/dca"
  packages = ["."]
  revision = "01f9985f4a26c29c2b4f5a7c133395e1aa6fffca"

[[projects]]
  branch = "master"
  name = "github.com/jonas747/ogg"
  packages = ["."]
  revision = "b4f6f4cf3757a3bf88eae9222045b99b9d76d8ca"

[[projects]]
  branch = "master"
  name = "github.com/rylio/ytdl"
  packages = ["."]
  revision = "bd30f781270fa4d6df59e2a49948cd157030a2c6"

[[projects]]
  branch = "master"
  name = "golang.org/x/crypto"
  packages = ["nacl/secretbox","poly1305","salsa20/salsa","ssh/terminal"]
  revision = "1875d0a70c90e57f11972aefd42276df65e895b9"

[[projects]]
  branch = "master"
  name = "golang.org/x/net"
  packages = ["html","html/atom"]
  revision = "5ccada7d0a7ba9aeb5d3aca8d3501b4c2a509fec"

[[projects]]
  branch = "master"
  name = "golang.org/x/sys"
  packages = ["unix","windows"]
  revision = "ff2a66f350cefa5c93a634eadb5d25bb60c85a9c"

[solve-meta]
  analyzer-name = "dep"
  analyzer-version = 1
  inputs-digest = "459d9c1f3d59df42b22ce7af77c8e181ccf0548ca7aef546ea4d324ae130217b"
  solver-name = "gps-cdcl"
  solver-version = 1
